<?xml version="1.0" encoding="utf-8"?>
<Project ToolsVersion="12.0" xmlns="http://schemas.microsoft.com/developer/msbuild/2003">
  <ItemGroup>
    <ClCompile Include="App\src\CApplication.cpp">
      <Filter>Source Files</Filter>
    </ClCompile>
    <ClCompile Include="App\src\detector\CDetector.cpp">
      <Filter>Source Files</Filter>
    </ClCompile>
    <ClCompile Include="App\src\detector\IDetector.cpp">
      <Filter>Source Files</Filter>
    </ClCompile>
    <ClCompile Include="App\src\loader\TGALoader.cpp">
      <Filter>Source Files</Filter>
    </ClCompile>
    <ClCompile Include="App\src\main.cpp">
      <Filter>Source Files</Filter>
    </ClCompile>
    <ClCompile Include="App\src\renderer\CAnimator.cpp">
      <Filter>Source Files</Filter>
    </ClCompile>
    <ClCompile Include="App\src\renderer\CCamera.cpp">
      <Filter>Source Files</Filter>
    </ClCompile>
    <ClCompile Include="App\src\renderer\CFpsCounter.cpp">
      <Filter>Source Files</Filter>
    </ClCompile>
    <ClCompile Include="App\src\renderer\CModel.cpp">
      <Filter>Source Files</Filter>
    </ClCompile>
    <ClCompile Include="App\src\renderer\CRenderer.cpp">
      <Filter>Source Files</Filter>
    </ClCompile>
    <ClCompile Include="App\src\renderer\CShader.cpp">
      <Filter>Source Files</Filter>
    </ClCompile>
    <ClCompile Include="App\src\renderer\CUtils.cpp">
      <Filter>Source Files</Filter>
    </ClCompile>
    <ClCompile Include="App\src\renderer\IRenderer.cpp">
      <Filter>Source Files</Filter>
    </ClCompile>
    <ClCompile Include="App\src\video\CVideoCamera.cpp">
      <Filter>Source Files</Filter>
    </ClCompile>
    <ClCompile Include="App\src\video\CVideoFile.cpp">
      <Filter>Source Files</Filter>
    </ClCompile>
    <ClCompile Include="App\src\video\IVideo.cpp">
      <Filter>Source Files</Filter>
    </ClCompile>
  </ItemGroup>
  <ItemGroup>
    <ClInclude Include="App\src\CApplication.hpp">
      <Filter>Header Files</Filter>
    </ClInclude>
    <ClInclude Include="App\src\detector\CDetector.hpp">
      <Filter>Header Files</Filter>
    </ClInclude>
    <ClInclude Include="App\src\detector\CMarkersData.hpp">
      <Filter>Header Files</Filter>
    </ClInclude>
    <ClInclude Include="App\src\detector\IDetector.hpp">
      <Filter>Header Files</Filter>
    </ClInclude>
    <ClInclude Include="App\src\loader\TGALoader.hpp">
      <Filter>Header Files</Filter>
    </ClInclude>
    <ClInclude Include="App\src\renderer\CAnimator.hpp">
      <Filter>Header Files</Filter>
    </ClInclude>
    <ClInclude Include="App\src\renderer\CCamera.hpp">
      <Filter>Header Files</Filter>
    </ClInclude>
    <ClInclude Include="App\src\renderer\CFpsCounter.hpp">
      <Filter>Header Files</Filter>
    </ClInclude>
    <ClInclude Include="App\src\renderer\CLight.hpp">
      <Filter>Header Files</Filter>
    </ClInclude>
    <ClInclude Include="App\src\renderer\CModel.hpp">
      <Filter>Header Files</Filter>
    </ClInclude>
    <ClInclude Include="App\src\renderer\CRenderer.hpp">
      <Filter>Header Files</Filter>
    </ClInclude>
    <ClInclude Include="App\src\renderer\CShader.hpp">
      <Filter>Header Files</Filter>
    </ClInclude>
    <ClInclude Include="App\src\renderer\CUtils.hpp">
      <Filter>Header Files</Filter>
    </ClInclude>
    <ClInclude Include="App\src\renderer\IRenderer.hpp">
      <Filter>Header Files</Filter>
    </ClInclude>
    <ClInclude Include="App\src\renderer\ShaderData.hpp">
      <Filter>Header Files</Filter>
    </ClInclude>
    <ClInclude Include="App\src\video\CFrame.hpp">
      <Filter>Header Files</Filter>
    </ClInclude>
    <ClInclude Include="App\src\video\CVideoCamera.hpp">
      <Filter>Header Files</Filter>
    </ClInclude>
    <ClInclude Include="App\src\video\CVideoFile.hpp">
      <Filter>Header Files</Filter>
    </ClInclude>
    <ClInclude Include="App\src\video\IVideo.hpp">
      <Filter>Header Files</Filter>
    </ClInclude>
  </ItemGroup>
  <ItemGroup>
    <CustomBuild Include="App\CMakeLists.txt" />
  </ItemGroup>
  <ItemGroup>
    <Filter Include="Source Files">
      <UniqueIdentifier>{528CE4F4-C10E-4334-ACF1-C4DDC9EF1263}</UniqueIdentifier>
    </Filter>
    <Filter Include="Header Files">
      <UniqueIdentifier>{A8025595-1D9A-4617-82C5-308A944B43EC}</UniqueIdentifier>
    </Filter>
  </ItemGroup>
</Project>
